
Microsoft Visual Studio Solution File, Format Version 12.00
# Visual Studio Version 17
VisualStudioVersion = 17.1.32414.318
MinimumVisualStudioVersion = 10.0.40219.1
Project("{FAE04EC0-301F-11D3-BF4B-00C04F79EFBC}") = "CadastroUbuntu", "CadastroUbuntu\CadastroUbuntu.csproj", "{BD5C4B3F-4C1F-44DB-9E36-0FF88EF8A936}"
EndProject
Global
	GlobalSection(SolutionConfigurationPlatforms) = preSolution
		Debug|Any CPU = Debug|Any CPU
		Release|Any CPU = Release|Any CPU
	EndGlobalSection
	GlobalSection(ProjectConfigurationPlatforms) = postSolution
		{BD5C4B3F-4C1F-44DB-9E36-0FF88EF8A936}.Debug|Any CPU.ActiveCfg = Debug|Any CPU
		{BD5C4B3F-4C1F-44DB-9E36-0FF88EF8A936}.Debug|Any CPU.Build.0 = Debug|Any CPU
		{BD5C4B3F-4C1F-44DB-9E36-0FF88EF8A936}.Release|Any CPU.ActiveCfg = Release|Any CPU
		{BD5C4B3F-4C1F-44DB-9E36-0FF88EF8A936}.Release|Any CPU.Build.0 = Release|Any CPU
	EndGlobalSection
	GlobalSection(SolutionProperties) = preSolution
		HideSolutionNode = FALSE
	EndGlobalSection
	GlobalSection(ExtensibilityGlobals) = postSolution
		SolutionGuid = {23032E70-8FD3-47CB-83DB-D2F9ABE2BDBB}
	EndGlobalSection
EndGlobal
